
Microsoft Visual Studio Solution File, Format Version 12.00
# Visual Studio Version 17
VisualStudioVersion = 17.8.34525.116
MinimumVisualStudioVersion = 10.0.40219.1
Project("{9A19103F-16F7-4668-BE54-9A1E7A4F7556}") = "RecipeApp", "RecipeApp.csproj", "{8F6E67A7-7D9C-4899-A9EB-36B260931434}"
EndProject
Project("{FAE04EC0-301F-11D3-BF4B-00C04F79EFBC}") = "RecipeAppUnitTest", "..\RecipeAppUnitTest\RecipeAppUnitTest.csproj", "{1063DBA4-886E-417C-AAE4-01AAEC33027C}"
EndProject
Global
	GlobalSection(SolutionConfigurationPlatforms) = preSolution
		Debug|Any CPU = Debug|Any CPU
		Release|Any CPU = Release|Any CPU
	EndGlobalSection
	GlobalSection(ProjectConfigurationPlatforms) = postSolution
		{8F6E67A7-7D9C-4899-A9EB-36B260931434}.Debug|Any CPU.ActiveCfg = Debug|Any CPU
		{8F6E67A7-7D9C-4899-A9EB-36B260931434}.Debug|Any CPU.Build.0 = Debug|Any CPU
		{8F6E67A7-7D9C-4899-A9EB-36B260931434}.Release|Any CPU.ActiveCfg = Release|Any CPU
		{8F6E67A7-7D9C-4899-A9EB-36B260931434}.Release|Any CPU.Build.0 = Release|Any CPU
		{1063DBA4-886E-417C-AAE4-01AAEC33027C}.Debug|Any CPU.ActiveCfg = Debug|Any CPU
		{1063DBA4-886E-417C-AAE4-01AAEC33027C}.Debug|Any CPU.Build.0 = Debug|Any CPU
		{1063DBA4-886E-417C-AAE4-01AAEC33027C}.Release|Any CPU.ActiveCfg = Release|Any CPU
		{1063DBA4-886E-417C-AAE4-01AAEC33027C}.Release|Any CPU.Build.0 = Release|Any CPU
	EndGlobalSection
	GlobalSection(SolutionProperties) = preSolution
		HideSolutionNode = FALSE
	EndGlobalSection
	GlobalSection(ExtensibilityGlobals) = postSolution
		SolutionGuid = {A5FE931F-83D9-4157-8998-D318F3DEE160}
	EndGlobalSection
EndGlobal
